
Microsoft Visual Studio Solution File, Format Version 12.00
# Visual Studio Version 17
VisualStudioVersion = 17.10.34916.146
MinimumVisualStudioVersion = 10.0.40219.1
Project("{FAE04EC0-301F-11D3-BF4B-00C04F79EFBC}") = "PaintAPIs", "PaintAPIs\PaintAPIs.csproj", "{9776A28D-DC57-46A2-95D2-86EDF35A8629}"
EndProject
Project("{FAE04EC0-301F-11D3-BF4B-00C04F79EFBC}") = "Application", "Application\Application.csproj", "{C7C6FE92-83A5-404D-AA26-549F656E5456}"
EndProject
Project("{FAE04EC0-301F-11D3-BF4B-00C04F79EFBC}") = "DataAccess", "DataAccess\DataAccess.csproj", "{FDB99E4A-A6B4-4F8C-A0D2-11BB7D66FCA6}"
EndProject
Project("{FAE04EC0-301F-11D3-BF4B-00C04F79EFBC}") = "Domain", "Domain\Domain.csproj", "{2F0FD5B1-F237-4EBE-9757-7580AD7B9B02}"
EndProject
Global
	GlobalSection(SolutionConfigurationPlatforms) = preSolution
		Debug|Any CPU = Debug|Any CPU
		Release|Any CPU = Release|Any CPU
	EndGlobalSection
	GlobalSection(ProjectConfigurationPlatforms) = postSolution
		{9776A28D-DC57-46A2-95D2-86EDF35A8629}.Debug|Any CPU.ActiveCfg = Debug|Any CPU
		{9776A28D-DC57-46A2-95D2-86EDF35A8629}.Debug|Any CPU.Build.0 = Debug|Any CPU
		{9776A28D-DC57-46A2-95D2-86EDF35A8629}.Release|Any CPU.ActiveCfg = Release|Any CPU
		{9776A28D-DC57-46A2-95D2-86EDF35A8629}.Release|Any CPU.Build.0 = Release|Any CPU
		{C7C6FE92-83A5-404D-AA26-549F656E5456}.Debug|Any CPU.ActiveCfg = Debug|Any CPU
		{C7C6FE92-83A5-404D-AA26-549F656E5456}.Debug|Any CPU.Build.0 = Debug|Any CPU
		{C7C6FE92-83A5-404D-AA26-549F656E5456}.Release|Any CPU.ActiveCfg = Release|Any CPU
		{C7C6FE92-83A5-404D-AA26-549F656E5456}.Release|Any CPU.Build.0 = Release|Any CPU
		{FDB99E4A-A6B4-4F8C-A0D2-11BB7D66FCA6}.Debug|Any CPU.ActiveCfg = Debug|Any CPU
		{FDB99E4A-A6B4-4F8C-A0D2-11BB7D66FCA6}.Debug|Any CPU.Build.0 = Debug|Any CPU
		{FDB99E4A-A6B4-4F8C-A0D2-11BB7D66FCA6}.Release|Any CPU.ActiveCfg = Release|Any CPU
		{FDB99E4A-A6B4-4F8C-A0D2-11BB7D66FCA6}.Release|Any CPU.Build.0 = Release|Any CPU
		{2F0FD5B1-F237-4EBE-9757-7580AD7B9B02}.Debug|Any CPU.ActiveCfg = Debug|Any CPU
		{2F0FD5B1-F237-4EBE-9757-7580AD7B9B02}.Debug|Any CPU.Build.0 = Debug|Any CPU
		{2F0FD5B1-F237-4EBE-9757-7580AD7B9B02}.Release|Any CPU.ActiveCfg = Release|Any CPU
		{2F0FD5B1-F237-4EBE-9757-7580AD7B9B02}.Release|Any CPU.Build.0 = Release|Any CPU
	EndGlobalSection
	GlobalSection(SolutionProperties) = preSolution
		HideSolutionNode = FALSE
	EndGlobalSection
	GlobalSection(ExtensibilityGlobals) = postSolution
		SolutionGuid = {1743ADAE-F722-46D8-BB98-122CBF7AD598}
	EndGlobalSection
EndGlobal
